
Microsoft Visual Studio Solution File, Format Version 12.00
# Visual Studio Version 17
VisualStudioVersion = 17.5.33627.172
MinimumVisualStudioVersion = 10.0.40219.1
Project("{9A19103F-16F7-4668-BE54-9A1E7A4F7556}") = "Arrays", "Arrays\Arrays.csproj", "{3396D007-7E5D-4BEE-9427-15FD241BE664}"
EndProject
Project("{9A19103F-16F7-4668-BE54-9A1E7A4F7556}") = "FormApp", "FormApp\FormApp.csproj", "{DC6945BB-5FD5-491A-8503-FD8B826A0E27}"
EndProject
Project("{9A19103F-16F7-4668-BE54-9A1E7A4F7556}") = "Lists", "Lists\Lists.csproj", "{F9E63184-DD09-41DF-ACE5-0B3DB4465974}"
EndProject
Project("{9A19103F-16F7-4668-BE54-9A1E7A4F7556}") = "ListsForm", "ListsForm\ListsForm.csproj", "{968376DE-BE41-4FB7-B329-1104DD48A3BD}"
EndProject
Project("{9A19103F-16F7-4668-BE54-9A1E7A4F7556}") = "Classes", "Classes\Classes.csproj", "{42553375-F54E-4D92-8A54-25E69BFC3EE9}"
EndProject
Project("{9A19103F-16F7-4668-BE54-9A1E7A4F7556}") = "Classes2", "Classes2\Classes2.csproj", "{1B01F76B-AC7B-4BFA-A88F-78F2DF7FA71E}"
EndProject
Project("{9A19103F-16F7-4668-BE54-9A1E7A4F7556}") = "ClassesForm", "ClassesForm\ClassesForm.csproj", "{71A9050C-43D1-45FC-8FE5-1B8357C22417}"
EndProject
Project("{9A19103F-16F7-4668-BE54-9A1E7A4F7556}") = "Constructors", "Constructors\Constructors.csproj", "{8CBE3A6E-7FF1-48DC-9AAA-9BEB5901A6CC}"
EndProject
Project("{9A19103F-16F7-4668-BE54-9A1E7A4F7556}") = "Inheritance", "Inheritance\Inheritance.csproj", "{F5077697-2418-41B9-AD2C-DE3A9E4F7F83}"
EndProject
Project("{9A19103F-16F7-4668-BE54-9A1E7A4F7556}") = "ReferenceTypes", "ReferenceTypes\ReferenceTypes.csproj", "{0EC14882-266D-4574-BE29-DBF9B7215AF2}"
EndProject
Project("{9A19103F-16F7-4668-BE54-9A1E7A4F7556}") = "Properties", "Properties\Properties.csproj", "{0D0BB3E1-A518-493B-A565-6B79F38C94B8}"
EndProject
Project("{9A19103F-16F7-4668-BE54-9A1E7A4F7556}") = "AccessModifiers", "AccessModifiers\AccessModifiers.csproj", "{8DF49F69-6B9E-4C98-B908-9AF5F251A084}"
EndProject
Project("{9A19103F-16F7-4668-BE54-9A1E7A4F7556}") = "AccessModifiersTest", "AccessModifiersTest\AccessModifiersTest.csproj", "{5D35FDF1-8F3B-491B-96E8-83583E621566}"
EndProject
Project("{9A19103F-16F7-4668-BE54-9A1E7A4F7556}") = "Interfaces", "Interfaces\Interfaces.csproj", "{4BA7D4AB-A969-40AF-865A-EAF8BBBD63DD}"
EndProject
Project("{9A19103F-16F7-4668-BE54-9A1E7A4F7556}") = "Project4.Business", "Project4.Business\Project4.Business.csproj", "{3380E1F8-7AA5-493C-882F-D1FDB189FCD6}"
EndProject
Project("{9A19103F-16F7-4668-BE54-9A1E7A4F7556}") = "Project4.ConsolUI", "Project4.ConsolUI\Project4.ConsolUI.csproj", "{36813AC4-31E4-46AB-8CFC-74B07F4A4A29}"
EndProject
Project("{9A19103F-16F7-4668-BE54-9A1E7A4F7556}") = "Project4.DataAccess", "Project4.DataAccess\Project4.DataAccess.csproj", "{45F4C90B-C68B-48F0-9FEC-A475A6023018}"
EndProject
Project("{9A19103F-16F7-4668-BE54-9A1E7A4F7556}") = "Project4.Entities", "Project4.Entities\Project4.Entities.csproj", "{337FE756-BD15-4BCC-9F8B-11347EA639D5}"
EndProject
Project("{FAE04EC0-301F-11D3-BF4B-00C04F79EFBC}") = "Generics", "Generics\Generics.csproj", "{4C130829-D03D-437E-A9C6-5270F07487B1}"
EndProject
Global
	GlobalSection(SolutionConfigurationPlatforms) = preSolution
		Debug|Any CPU = Debug|Any CPU
		Release|Any CPU = Release|Any CPU
	EndGlobalSection
	GlobalSection(ProjectConfigurationPlatforms) = postSolution
		{3396D007-7E5D-4BEE-9427-15FD241BE664}.Debug|Any CPU.ActiveCfg = Debug|Any CPU
		{3396D007-7E5D-4BEE-9427-15FD241BE664}.Debug|Any CPU.Build.0 = Debug|Any CPU
		{3396D007-7E5D-4BEE-9427-15FD241BE664}.Release|Any CPU.ActiveCfg = Release|Any CPU
		{3396D007-7E5D-4BEE-9427-15FD241BE664}.Release|Any CPU.Build.0 = Release|Any CPU
		{DC6945BB-5FD5-491A-8503-FD8B826A0E27}.Debug|Any CPU.ActiveCfg = Debug|Any CPU
		{DC6945BB-5FD5-491A-8503-FD8B826A0E27}.Debug|Any CPU.Build.0 = Debug|Any CPU
		{DC6945BB-5FD5-491A-8503-FD8B826A0E27}.Release|Any CPU.ActiveCfg = Release|Any CPU
		{DC6945BB-5FD5-491A-8503-FD8B826A0E27}.Release|Any CPU.Build.0 = Release|Any CPU
		{F9E63184-DD09-41DF-ACE5-0B3DB4465974}.Debug|Any CPU.ActiveCfg = Debug|Any CPU
		{F9E63184-DD09-41DF-ACE5-0B3DB4465974}.Debug|Any CPU.Build.0 = Debug|Any CPU
		{F9E63184-DD09-41DF-ACE5-0B3DB4465974}.Release|Any CPU.ActiveCfg = Release|Any CPU
		{F9E63184-DD09-41DF-ACE5-0B3DB4465974}.Release|Any CPU.Build.0 = Release|Any CPU
		{968376DE-BE41-4FB7-B329-1104DD48A3BD}.Debug|Any CPU.ActiveCfg = Debug|Any CPU
		{968376DE-BE41-4FB7-B329-1104DD48A3BD}.Debug|Any CPU.Build.0 = Debug|Any CPU
		{968376DE-BE41-4FB7-B329-1104DD48A3BD}.Release|Any CPU.ActiveCfg = Release|Any CPU
		{968376DE-BE41-4FB7-B329-1104DD48A3BD}.Release|Any CPU.Build.0 = Release|Any CPU
		{42553375-F54E-4D92-8A54-25E69BFC3EE9}.Debug|Any CPU.ActiveCfg = Debug|Any CPU
		{42553375-F54E-4D92-8A54-25E69BFC3EE9}.Debug|Any CPU.Build.0 = Debug|Any CPU
		{42553375-F54E-4D92-8A54-25E69BFC3EE9}.Release|Any CPU.ActiveCfg = Release|Any CPU
		{42553375-F54E-4D92-8A54-25E69BFC3EE9}.Release|Any CPU.Build.0 = Release|Any CPU
		{1B01F76B-AC7B-4BFA-A88F-78F2DF7FA71E}.Debug|Any CPU.ActiveCfg = Debug|Any CPU
		{1B01F76B-AC7B-4BFA-A88F-78F2DF7FA71E}.Debug|Any CPU.Build.0 = Debug|Any CPU
		{1B01F76B-AC7B-4BFA-A88F-78F2DF7FA71E}.Release|Any CPU.ActiveCfg = Release|Any CPU
		{1B01F76B-AC7B-4BFA-A88F-78F2DF7FA71E}.Release|Any CPU.Build.0 = Release|Any CPU
		{71A9050C-43D1-45FC-8FE5-1B8357C22417}.Debug|Any CPU.ActiveCfg = Debug|Any CPU
		{71A9050C-43D1-45FC-8FE5-1B8357C22417}.Debug|Any CPU.Build.0 = Debug|Any CPU
		{71A9050C-43D1-45FC-8FE5-1B8357C22417}.Release|Any CPU.ActiveCfg = Release|Any CPU
		{71A9050C-43D1-45FC-8FE5-1B8357C22417}.Release|Any CPU.Build.0 = Release|Any CPU
		{8CBE3A6E-7FF1-48DC-9AAA-9BEB5901A6CC}.Debug|Any CPU.ActiveCfg = Debug|Any CPU
		{8CBE3A6E-7FF1-48DC-9AAA-9BEB5901A6CC}.Debug|Any CPU.Build.0 = Debug|Any CPU
		{8CBE3A6E-7FF1-48DC-9AAA-9BEB5901A6CC}.Release|Any CPU.ActiveCfg = Release|Any CPU
		{8CBE3A6E-7FF1-48DC-9AAA-9BEB5901A6CC}.Release|Any CPU.Build.0 = Release|Any CPU
		{F5077697-2418-41B9-AD2C-DE3A9E4F7F83}.Debug|Any CPU.ActiveCfg = Debug|Any CPU
		{F5077697-2418-41B9-AD2C-DE3A9E4F7F83}.Debug|Any CPU.Build.0 = Debug|Any CPU
		{F5077697-2418-41B9-AD2C-DE3A9E4F7F83}.Release|Any CPU.ActiveCfg = Release|Any CPU
		{F5077697-2418-41B9-AD2C-DE3A9E4F7F83}.Release|Any CPU.Build.0 = Release|Any CPU
		{0EC14882-266D-4574-BE29-DBF9B7215AF2}.Debug|Any CPU.ActiveCfg = Debug|Any CPU
		{0EC14882-266D-4574-BE29-DBF9B7215AF2}.Debug|Any CPU.Build.0 = Debug|Any CPU
		{0EC14882-266D-4574-BE29-DBF9B7215AF2}.Release|Any CPU.ActiveCfg = Release|Any CPU
		{0EC14882-266D-4574-BE29-DBF9B7215AF2}.Release|Any CPU.Build.0 = Release|Any CPU
		{0D0BB3E1-A518-493B-A565-6B79F38C94B8}.Debug|Any CPU.ActiveCfg = Debug|Any CPU
		{0D0BB3E1-A518-493B-A565-6B79F38C94B8}.Debug|Any CPU.Build.0 = Debug|Any CPU
		{0D0BB3E1-A518-493B-A565-6B79F38C94B8}.Release|Any CPU.ActiveCfg = Release|Any CPU
		{0D0BB3E1-A518-493B-A565-6B79F38C94B8}.Release|Any CPU.Build.0 = Release|Any CPU
		{8DF49F69-6B9E-4C98-B908-9AF5F251A084}.Debug|Any CPU.ActiveCfg = Debug|Any CPU
		{8DF49F69-6B9E-4C98-B908-9AF5F251A084}.Debug|Any CPU.Build.0 = Debug|Any CPU
		{8DF49F69-6B9E-4C98-B908-9AF5F251A084}.Release|Any CPU.ActiveCfg = Release|Any CPU
		{8DF49F69-6B9E-4C98-B908-9AF5F251A084}.Release|Any CPU.Build.0 = Release|Any CPU
		{5D35FDF1-8F3B-491B-96E8-83583E621566}.Debug|Any CPU.ActiveCfg = Debug|Any CPU
		{5D35FDF1-8F3B-491B-96E8-83583E621566}.Debug|Any CPU.Build.0 = Debug|Any CPU
		{5D35FDF1-8F3B-491B-96E8-83583E621566}.Release|Any CPU.ActiveCfg = Release|Any CPU
		{5D35FDF1-8F3B-491B-96E8-83583E621566}.Release|Any CPU.Build.0 = Release|Any CPU
		{4BA7D4AB-A969-40AF-865A-EAF8BBBD63DD}.Debug|Any CPU.ActiveCfg = Debug|Any CPU
		{4BA7D4AB-A969-40AF-865A-EAF8BBBD63DD}.Debug|Any CPU.Build.0 = Debug|Any CPU
		{4BA7D4AB-A969-40AF-865A-EAF8BBBD63DD}.Release|Any CPU.ActiveCfg = Release|Any CPU
		{4BA7D4AB-A969-40AF-865A-EAF8BBBD63DD}.Release|Any CPU.Build.0 = Release|Any CPU
		{3380E1F8-7AA5-493C-882F-D1FDB189FCD6}.Debug|Any CPU.ActiveCfg = Debug|Any CPU
		{3380E1F8-7AA5-493C-882F-D1FDB189FCD6}.Debug|Any CPU.Build.0 = Debug|Any CPU
		{3380E1F8-7AA5-493C-882F-D1FDB189FCD6}.Release|Any CPU.ActiveCfg = Release|Any CPU
		{3380E1F8-7AA5-493C-882F-D1FDB189FCD6}.Release|Any CPU.Build.0 = Release|Any CPU
		{36813AC4-31E4-46AB-8CFC-74B07F4A4A29}.Debug|Any CPU.ActiveCfg = Debug|Any CPU
		{36813AC4-31E4-46AB-8CFC-74B07F4A4A29}.Debug|Any CPU.Build.0 = Debug|Any CPU
		{36813AC4-31E4-46AB-8CFC-74B07F4A4A29}.Release|Any CPU.ActiveCfg = Release|Any CPU
		{36813AC4-31E4-46AB-8CFC-74B07F4A4A29}.Release|Any CPU.Build.0 = Release|Any CPU
		{45F4C90B-C68B-48F0-9FEC-A475A6023018}.Debug|Any CPU.ActiveCfg = Debug|Any CPU
		{45F4C90B-C68B-48F0-9FEC-A475A6023018}.Debug|Any CPU.Build.0 = Debug|Any CPU
		{45F4C90B-C68B-48F0-9FEC-A475A6023018}.Release|Any CPU.ActiveCfg = Release|Any CPU
		{45F4C90B-C68B-48F0-9FEC-A475A6023018}.Release|Any CPU.Build.0 = Release|Any CPU
		{337FE756-BD15-4BCC-9F8B-11347EA639D5}.Debug|Any CPU.ActiveCfg = Debug|Any CPU
		{337FE756-BD15-4BCC-9F8B-11347EA639D5}.Debug|Any CPU.Build.0 = Debug|Any CPU
		{337FE756-BD15-4BCC-9F8B-11347EA639D5}.Release|Any CPU.ActiveCfg = Release|Any CPU
		{337FE756-BD15-4BCC-9F8B-11347EA639D5}.Release|Any CPU.Build.0 = Release|Any CPU
		{4C130829-D03D-437E-A9C6-5270F07487B1}.Debug|Any CPU.ActiveCfg = Debug|Any CPU
		{4C130829-D03D-437E-A9C6-5270F07487B1}.Debug|Any CPU.Build.0 = Debug|Any CPU
		{4C130829-D03D-437E-A9C6-5270F07487B1}.Release|Any CPU.ActiveCfg = Release|Any CPU
		{4C130829-D03D-437E-A9C6-5270F07487B1}.Release|Any CPU.Build.0 = Release|Any CPU
	EndGlobalSection
	GlobalSection(SolutionProperties) = preSolution
		HideSolutionNode = FALSE
	EndGlobalSection
	GlobalSection(ExtensibilityGlobals) = postSolution
		SolutionGuid = {1EB69D9F-6922-4987-B8EF-CA7E39D6E2CF}
	EndGlobalSection
EndGlobal
